
Microsoft Visual Studio Solution File, Format Version 12.00
Project("{FAE04EC0-301F-11D3-BF4B-00C04F79EFBC}") = "Cryptography.Arithmetic", "Cryptography.Arithmetic\Cryptography.Arithmetic.csproj", "{CCBB3E2E-5902-4197-AA0E-044DFCDAABA7}"
EndProject
Project("{FAE04EC0-301F-11D3-BF4B-00C04F79EFBC}") = "Cryptography.Tests", "Cryptography.Tests\Cryptography.Tests.csproj", "{862114AA-458F-4C3B-A0A1-D487D6CDB467}"
EndProject
Project("{FAE04EC0-301F-11D3-BF4B-00C04F79EFBC}") = "Cryptography.DemoApplication", "Cryptography.DemoApplication\Cryptography.DemoApplication.csproj", "{CB94C3A3-24B7-4A95-A4F4-AD4E5FB3CE77}"
EndProject
Project("{FAE04EC0-301F-11D3-BF4B-00C04F79EFBC}") = "Cryptography.Algorithms", "Cryptography.Algorithms\Cryptography.Algorithms.csproj", "{9B0BF112-FBB9-4E8A-8E50-3AC3DA8D9525}"
EndProject
Project("{FAE04EC0-301F-11D3-BF4B-00C04F79EFBC}") = "Cryptography.WebInterface", "Cryptography.WebInterface\Cryptography.WebInterface.csproj", "{1D50AFC4-629E-44FC-9041-0D57EFFBCEBB}"
EndProject
Project("{FAE04EC0-301F-11D3-BF4B-00C04F79EFBC}") = "Sandbox", "Sandbox\Sandbox.csproj", "{55B54A88-61BB-4378-9D51-FB1DBA6CB507}"
EndProject
Global
	GlobalSection(SolutionConfigurationPlatforms) = preSolution
		Debug|Any CPU = Debug|Any CPU
		Release|Any CPU = Release|Any CPU
	EndGlobalSection
	GlobalSection(ProjectConfigurationPlatforms) = postSolution
		{CCBB3E2E-5902-4197-AA0E-044DFCDAABA7}.Debug|Any CPU.ActiveCfg = Debug|Any CPU
		{CCBB3E2E-5902-4197-AA0E-044DFCDAABA7}.Debug|Any CPU.Build.0 = Debug|Any CPU
		{CCBB3E2E-5902-4197-AA0E-044DFCDAABA7}.Release|Any CPU.ActiveCfg = Release|Any CPU
		{CCBB3E2E-5902-4197-AA0E-044DFCDAABA7}.Release|Any CPU.Build.0 = Release|Any CPU
		{862114AA-458F-4C3B-A0A1-D487D6CDB467}.Debug|Any CPU.ActiveCfg = Debug|Any CPU
		{862114AA-458F-4C3B-A0A1-D487D6CDB467}.Debug|Any CPU.Build.0 = Debug|Any CPU
		{862114AA-458F-4C3B-A0A1-D487D6CDB467}.Release|Any CPU.ActiveCfg = Release|Any CPU
		{862114AA-458F-4C3B-A0A1-D487D6CDB467}.Release|Any CPU.Build.0 = Release|Any CPU
		{CB94C3A3-24B7-4A95-A4F4-AD4E5FB3CE77}.Debug|Any CPU.ActiveCfg = Debug|Any CPU
		{CB94C3A3-24B7-4A95-A4F4-AD4E5FB3CE77}.Debug|Any CPU.Build.0 = Debug|Any CPU
		{CB94C3A3-24B7-4A95-A4F4-AD4E5FB3CE77}.Release|Any CPU.ActiveCfg = Release|Any CPU
		{CB94C3A3-24B7-4A95-A4F4-AD4E5FB3CE77}.Release|Any CPU.Build.0 = Release|Any CPU
		{9B0BF112-FBB9-4E8A-8E50-3AC3DA8D9525}.Debug|Any CPU.ActiveCfg = Debug|Any CPU
		{9B0BF112-FBB9-4E8A-8E50-3AC3DA8D9525}.Debug|Any CPU.Build.0 = Debug|Any CPU
		{9B0BF112-FBB9-4E8A-8E50-3AC3DA8D9525}.Release|Any CPU.ActiveCfg = Release|Any CPU
		{9B0BF112-FBB9-4E8A-8E50-3AC3DA8D9525}.Release|Any CPU.Build.0 = Release|Any CPU
		{1D50AFC4-629E-44FC-9041-0D57EFFBCEBB}.Debug|Any CPU.ActiveCfg = Debug|Any CPU
		{1D50AFC4-629E-44FC-9041-0D57EFFBCEBB}.Debug|Any CPU.Build.0 = Debug|Any CPU
		{1D50AFC4-629E-44FC-9041-0D57EFFBCEBB}.Release|Any CPU.ActiveCfg = Release|Any CPU
		{1D50AFC4-629E-44FC-9041-0D57EFFBCEBB}.Release|Any CPU.Build.0 = Release|Any CPU
		{55B54A88-61BB-4378-9D51-FB1DBA6CB507}.Debug|Any CPU.ActiveCfg = Debug|Any CPU
		{55B54A88-61BB-4378-9D51-FB1DBA6CB507}.Debug|Any CPU.Build.0 = Debug|Any CPU
		{55B54A88-61BB-4378-9D51-FB1DBA6CB507}.Release|Any CPU.ActiveCfg = Release|Any CPU
		{55B54A88-61BB-4378-9D51-FB1DBA6CB507}.Release|Any CPU.Build.0 = Release|Any CPU
	EndGlobalSection
EndGlobal
